
Microsoft Visual Studio Solution File, Format Version 12.00
# Visual Studio 14
VisualStudioVersion = 14.0.24720.0
MinimumVisualStudioVersion = 10.0.40219.1
Project("{FAE04EC0-301F-11D3-BF4B-00C04F79EFBC}") = "WebApi", "WebApi\WebApi.csproj", "{40357AB0-EF3C-4925-B083-07897F77F081}"
EndProject
Project("{FAE04EC0-301F-11D3-BF4B-00C04F79EFBC}") = "WebApi.Tests", "WebApi.Tests\WebApi.Tests.csproj", "{BE69D82C-41A3-4D0D-8A23-7A0312C70D80}"
EndProject
Global
	GlobalSection(SolutionConfigurationPlatforms) = preSolution
		Debug|Any CPU = Debug|Any CPU
		Release|Any CPU = Release|Any CPU
	EndGlobalSection
	GlobalSection(ProjectConfigurationPlatforms) = postSolution
		{40357AB0-EF3C-4925-B083-07897F77F081}.Debug|Any CPU.ActiveCfg = Debug|Any CPU
		{40357AB0-EF3C-4925-B083-07897F77F081}.Debug|Any CPU.Build.0 = Debug|Any CPU
		{40357AB0-EF3C-4925-B083-07897F77F081}.Release|Any CPU.ActiveCfg = Release|Any CPU
		{40357AB0-EF3C-4925-B083-07897F77F081}.Release|Any CPU.Build.0 = Release|Any CPU
		{BE69D82C-41A3-4D0D-8A23-7A0312C70D80}.Debug|Any CPU.ActiveCfg = Debug|Any CPU
		{BE69D82C-41A3-4D0D-8A23-7A0312C70D80}.Debug|Any CPU.Build.0 = Debug|Any CPU
		{BE69D82C-41A3-4D0D-8A23-7A0312C70D80}.Release|Any CPU.ActiveCfg = Release|Any CPU
		{BE69D82C-41A3-4D0D-8A23-7A0312C70D80}.Release|Any CPU.Build.0 = Release|Any CPU
	EndGlobalSection
	GlobalSection(SolutionProperties) = preSolution
		HideSolutionNode = FALSE
	EndGlobalSection
EndGlobal
