
Microsoft Visual Studio Solution File, Format Version 12.00
# Visual Studio 14
VisualStudioVersion = 14.0.24720.0
MinimumVisualStudioVersion = 10.0.40219.1
Project("{FAE04EC0-301F-11D3-BF4B-00C04F79EFBC}") = "ClientRegisterApp.Droid", "ClientRegisterApp\ClientRegisterApp.Droid\ClientRegisterApp.Droid.csproj", "{5EDBC6A0-D7DC-44C2-947C-FFD396D80A90}"
EndProject
Project("{FAE04EC0-301F-11D3-BF4B-00C04F79EFBC}") = "ClientRegisterApp.iOS", "ClientRegisterApp\ClientRegisterApp.iOS\ClientRegisterApp.iOS.csproj", "{5800C078-2B6B-4795-B2FE-86566B510D2E}"
EndProject
Project("{FAE04EC0-301F-11D3-BF4B-00C04F79EFBC}") = "ClientRegisterApp.WinPhone", "ClientRegisterApp\ClientRegisterApp.WinPhone\ClientRegisterApp.WinPhone.csproj", "{1CD0536E-1701-48BC-AA06-CB41A6326A14}"
EndProject
Project("{FAE04EC0-301F-11D3-BF4B-00C04F79EFBC}") = "ClientRegisterApp.UWP", "ClientRegisterApp\ClientRegisterApp.UWP\ClientRegisterApp.UWP.csproj", "{DF4491E1-B6C6-4517-B1DF-A77F710B4B78}"
EndProject
Project("{FAE04EC0-301F-11D3-BF4B-00C04F79EFBC}") = "ClientRegisterApp.Windows", "ClientRegisterApp\ClientRegisterApp.Windows\ClientRegisterApp.Windows.csproj", "{19159D39-FF0B-45AB-B427-CD1E68C2DD16}"
EndProject
Project("{FAE04EC0-301F-11D3-BF4B-00C04F79EFBC}") = "ClientRegisterApp", "ClientRegisterApp\ClientRegisterApp\ClientRegisterApp.csproj", "{9E6D827C-9FEC-4481-8428-DDEED6D24AB5}"
EndProject
Global
	GlobalSection(SolutionConfigurationPlatforms) = preSolution
		Ad-Hoc|Any CPU = Ad-Hoc|Any CPU
		Ad-Hoc|ARM = Ad-Hoc|ARM
		Ad-Hoc|iPhone = Ad-Hoc|iPhone
		Ad-Hoc|iPhoneSimulator = Ad-Hoc|iPhoneSimulator
		Ad-Hoc|x64 = Ad-Hoc|x64
		Ad-Hoc|x86 = Ad-Hoc|x86
		AppStore|Any CPU = AppStore|Any CPU
		AppStore|ARM = AppStore|ARM
		AppStore|iPhone = AppStore|iPhone
		AppStore|iPhoneSimulator = AppStore|iPhoneSimulator
		AppStore|x64 = AppStore|x64
		AppStore|x86 = AppStore|x86
		Debug|Any CPU = Debug|Any CPU
		Debug|ARM = Debug|ARM
		Debug|iPhone = Debug|iPhone
		Debug|iPhoneSimulator = Debug|iPhoneSimulator
		Debug|x64 = Debug|x64
		Debug|x86 = Debug|x86
		Release|Any CPU = Release|Any CPU
		Release|ARM = Release|ARM
		Release|iPhone = Release|iPhone
		Release|iPhoneSimulator = Release|iPhoneSimulator
		Release|x64 = Release|x64
		Release|x86 = Release|x86
	EndGlobalSection
	GlobalSection(ProjectConfigurationPlatforms) = postSolution
		{5EDBC6A0-D7DC-44C2-947C-FFD396D80A90}.Ad-Hoc|Any CPU.ActiveCfg = Release|Any CPU
		{5EDBC6A0-D7DC-44C2-947C-FFD396D80A90}.Ad-Hoc|Any CPU.Build.0 = Release|Any CPU
		{5EDBC6A0-D7DC-44C2-947C-FFD396D80A90}.Ad-Hoc|Any CPU.Deploy.0 = Release|Any CPU
		{5EDBC6A0-D7DC-44C2-947C-FFD396D80A90}.Ad-Hoc|ARM.ActiveCfg = Release|Any CPU
		{5EDBC6A0-D7DC-44C2-947C-FFD396D80A90}.Ad-Hoc|ARM.Build.0 = Release|Any CPU
		{5EDBC6A0-D7DC-44C2-947C-FFD396D80A90}.Ad-Hoc|ARM.Deploy.0 = Release|Any CPU
		{5EDBC6A0-D7DC-44C2-947C-FFD396D80A90}.Ad-Hoc|iPhone.ActiveCfg = Release|Any CPU
		{5EDBC6A0-D7DC-44C2-947C-FFD396D80A90}.Ad-Hoc|iPhone.Build.0 = Release|Any CPU
		{5EDBC6A0-D7DC-44C2-947C-FFD396D80A90}.Ad-Hoc|iPhone.Deploy.0 = Release|Any CPU
		{5EDBC6A0-D7DC-44C2-947C-FFD396D80A90}.Ad-Hoc|iPhoneSimulator.ActiveCfg = Release|Any CPU
		{5EDBC6A0-D7DC-44C2-947C-FFD396D80A90}.Ad-Hoc|iPhoneSimulator.Build.0 = Release|Any CPU
		{5EDBC6A0-D7DC-44C2-947C-FFD396D80A90}.Ad-Hoc|iPhoneSimulator.Deploy.0 = Release|Any CPU
		{5EDBC6A0-D7DC-44C2-947C-FFD396D80A90}.Ad-Hoc|x64.ActiveCfg = Release|Any CPU
		{5EDBC6A0-D7DC-44C2-947C-FFD396D80A90}.Ad-Hoc|x64.Build.0 = Release|Any CPU
		{5EDBC6A0-D7DC-44C2-947C-FFD396D80A90}.Ad-Hoc|x64.Deploy.0 = Release|Any CPU
		{5EDBC6A0-D7DC-44C2-947C-FFD396D80A90}.Ad-Hoc|x86.ActiveCfg = Release|Any CPU
		{5EDBC6A0-D7DC-44C2-947C-FFD396D80A90}.Ad-Hoc|x86.Build.0 = Release|Any CPU
		{5EDBC6A0-D7DC-44C2-947C-FFD396D80A90}.Ad-Hoc|x86.Deploy.0 = Release|Any CPU
		{5EDBC6A0-D7DC-44C2-947C-FFD396D80A90}.AppStore|Any CPU.ActiveCfg = Release|Any CPU
		{5EDBC6A0-D7DC-44C2-947C-FFD396D80A90}.AppStore|Any CPU.Build.0 = Release|Any CPU
		{5EDBC6A0-D7DC-44C2-947C-FFD396D80A90}.AppStore|Any CPU.Deploy.0 = Release|Any CPU
		{5EDBC6A0-D7DC-44C2-947C-FFD396D80A90}.AppStore|ARM.ActiveCfg = Release|Any CPU
		{5EDBC6A0-D7DC-44C2-947C-FFD396D80A90}.AppStore|ARM.Build.0 = Release|Any CPU
		{5EDBC6A0-D7DC-44C2-947C-FFD396D80A90}.AppStore|ARM.Deploy.0 = Release|Any CPU
		{5EDBC6A0-D7DC-44C2-947C-FFD396D80A90}.AppStore|iPhone.ActiveCfg = Release|Any CPU
		{5EDBC6A0-D7DC-44C2-947C-FFD396D80A90}.AppStore|iPhone.Build.0 = Release|Any CPU
		{5EDBC6A0-D7DC-44C2-947C-FFD396D80A90}.AppStore|iPhone.Deploy.0 = Release|Any CPU
		{5EDBC6A0-D7DC-44C2-947C-FFD396D80A90}.AppStore|iPhoneSimulator.ActiveCfg = Release|Any CPU
		{5EDBC6A0-D7DC-44C2-947C-FFD396D80A90}.AppStore|iPhoneSimulator.Build.0 = Release|Any CPU
		{5EDBC6A0-D7DC-44C2-947C-FFD396D80A90}.AppStore|iPhoneSimulator.Deploy.0 = Release|Any CPU
		{5EDBC6A0-D7DC-44C2-947C-FFD396D80A90}.AppStore|x64.ActiveCfg = Release|Any CPU
		{5EDBC6A0-D7DC-44C2-947C-FFD396D80A90}.AppStore|x64.Build.0 = Release|Any CPU
		{5EDBC6A0-D7DC-44C2-947C-FFD396D80A90}.AppStore|x64.Deploy.0 = Release|Any CPU
		{5EDBC6A0-D7DC-44C2-947C-FFD396D80A90}.AppStore|x86.ActiveCfg = Release|Any CPU
		{5EDBC6A0-D7DC-44C2-947C-FFD396D80A90}.AppStore|x86.Build.0 = Release|Any CPU
		{5EDBC6A0-D7DC-44C2-947C-FFD396D80A90}.AppStore|x86.Deploy.0 = Release|Any CPU
		{5EDBC6A0-D7DC-44C2-947C-FFD396D80A90}.Debug|Any CPU.ActiveCfg = Debug|Any CPU
		{5EDBC6A0-D7DC-44C2-947C-FFD396D80A90}.Debug|Any CPU.Build.0 = Debug|Any CPU
		{5EDBC6A0-D7DC-44C2-947C-FFD396D80A90}.Debug|Any CPU.Deploy.0 = Debug|Any CPU
		{5EDBC6A0-D7DC-44C2-947C-FFD396D80A90}.Debug|ARM.ActiveCfg = Debug|Any CPU
		{5EDBC6A0-D7DC-44C2-947C-FFD396D80A90}.Debug|ARM.Build.0 = Debug|Any CPU
		{5EDBC6A0-D7DC-44C2-947C-FFD396D80A90}.Debug|ARM.Deploy.0 = Debug|Any CPU
		{5EDBC6A0-D7DC-44C2-947C-FFD396D80A90}.Debug|iPhone.ActiveCfg = Debug|Any CPU
		{5EDBC6A0-D7DC-44C2-947C-FFD396D80A90}.Debug|iPhone.Build.0 = Debug|Any CPU
		{5EDBC6A0-D7DC-44C2-947C-FFD396D80A90}.Debug|iPhone.Deploy.0 = Debug|Any CPU
		{5EDBC6A0-D7DC-44C2-947C-FFD396D80A90}.Debug|iPhoneSimulator.ActiveCfg = Debug|Any CPU
		{5EDBC6A0-D7DC-44C2-947C-FFD396D80A90}.Debug|iPhoneSimulator.Build.0 = Debug|Any CPU
		{5EDBC6A0-D7DC-44C2-947C-FFD396D80A90}.Debug|iPhoneSimulator.Deploy.0 = Debug|Any CPU
		{5EDBC6A0-D7DC-44C2-947C-FFD396D80A90}.Debug|x64.ActiveCfg = Debug|Any CPU
		{5EDBC6A0-D7DC-44C2-947C-FFD396D80A90}.Debug|x64.Build.0 = Debug|Any CPU
		{5EDBC6A0-D7DC-44C2-947C-FFD396D80A90}.Debug|x64.Deploy.0 = Debug|Any CPU
		{5EDBC6A0-D7DC-44C2-947C-FFD396D80A90}.Debug|x86.ActiveCfg = Debug|Any CPU
		{5EDBC6A0-D7DC-44C2-947C-FFD396D80A90}.Debug|x86.Build.0 = Debug|Any CPU
		{5EDBC6A0-D7DC-44C2-947C-FFD396D80A90}.Debug|x86.Deploy.0 = Debug|Any CPU
		{5EDBC6A0-D7DC-44C2-947C-FFD396D80A90}.Release|Any CPU.ActiveCfg = Release|Any CPU
		{5EDBC6A0-D7DC-44C2-947C-FFD396D80A90}.Release|Any CPU.Build.0 = Release|Any CPU
		{5EDBC6A0-D7DC-44C2-947C-FFD396D80A90}.Release|Any CPU.Deploy.0 = Release|Any CPU
		{5EDBC6A0-D7DC-44C2-947C-FFD396D80A90}.Release|ARM.ActiveCfg = Release|Any CPU
		{5EDBC6A0-D7DC-44C2-947C-FFD396D80A90}.Release|ARM.Build.0 = Release|Any CPU
		{5EDBC6A0-D7DC-44C2-947C-FFD396D80A90}.Release|ARM.Deploy.0 = Release|Any CPU
		{5EDBC6A0-D7DC-44C2-947C-FFD396D80A90}.Release|iPhone.ActiveCfg = Release|Any CPU
		{5EDBC6A0-D7DC-44C2-947C-FFD396D80A90}.Release|iPhone.Build.0 = Release|Any CPU
		{5EDBC6A0-D7DC-44C2-947C-FFD396D80A90}.Release|iPhone.Deploy.0 = Release|Any CPU
		{5EDBC6A0-D7DC-44C2-947C-FFD396D80A90}.Release|iPhoneSimulator.ActiveCfg = Release|Any CPU
		{5EDBC6A0-D7DC-44C2-947C-FFD396D80A90}.Release|iPhoneSimulator.Build.0 = Release|Any CPU
		{5EDBC6A0-D7DC-44C2-947C-FFD396D80A90}.Release|iPhoneSimulator.Deploy.0 = Release|Any CPU
		{5EDBC6A0-D7DC-44C2-947C-FFD396D80A90}.Release|x64.ActiveCfg = Release|Any CPU
		{5EDBC6A0-D7DC-44C2-947C-FFD396D80A90}.Release|x64.Build.0 = Release|Any CPU
		{5EDBC6A0-D7DC-44C2-947C-FFD396D80A90}.Release|x64.Deploy.0 = Release|Any CPU
		{5EDBC6A0-D7DC-44C2-947C-FFD396D80A90}.Release|x86.ActiveCfg = Release|Any CPU
		{5EDBC6A0-D7DC-44C2-947C-FFD396D80A90}.Release|x86.Build.0 = Release|Any CPU
		{5EDBC6A0-D7DC-44C2-947C-FFD396D80A90}.Release|x86.Deploy.0 = Release|Any CPU
		{5800C078-2B6B-4795-B2FE-86566B510D2E}.Ad-Hoc|Any CPU.ActiveCfg = Ad-Hoc|iPhone
		{5800C078-2B6B-4795-B2FE-86566B510D2E}.Ad-Hoc|ARM.ActiveCfg = Ad-Hoc|iPhone
		{5800C078-2B6B-4795-B2FE-86566B510D2E}.Ad-Hoc|iPhone.ActiveCfg = Ad-Hoc|iPhone
		{5800C078-2B6B-4795-B2FE-86566B510D2E}.Ad-Hoc|iPhone.Build.0 = Ad-Hoc|iPhone
		{5800C078-2B6B-4795-B2FE-86566B510D2E}.Ad-Hoc|iPhoneSimulator.ActiveCfg = Ad-Hoc|iPhoneSimulator
		{5800C078-2B6B-4795-B2FE-86566B510D2E}.Ad-Hoc|iPhoneSimulator.Build.0 = Ad-Hoc|iPhoneSimulator
		{5800C078-2B6B-4795-B2FE-86566B510D2E}.Ad-Hoc|x64.ActiveCfg = Ad-Hoc|iPhone
		{5800C078-2B6B-4795-B2FE-86566B510D2E}.Ad-Hoc|x86.ActiveCfg = Ad-Hoc|iPhone
		{5800C078-2B6B-4795-B2FE-86566B510D2E}.AppStore|Any CPU.ActiveCfg = AppStore|iPhone
		{5800C078-2B6B-4795-B2FE-86566B510D2E}.AppStore|ARM.ActiveCfg = AppStore|iPhone
		{5800C078-2B6B-4795-B2FE-86566B510D2E}.AppStore|iPhone.ActiveCfg = AppStore|iPhone
		{5800C078-2B6B-4795-B2FE-86566B510D2E}.AppStore|iPhone.Build.0 = AppStore|iPhone
		{5800C078-2B6B-4795-B2FE-86566B510D2E}.AppStore|iPhoneSimulator.ActiveCfg = AppStore|iPhoneSimulator
		{5800C078-2B6B-4795-B2FE-86566B510D2E}.AppStore|iPhoneSimulator.Build.0 = AppStore|iPhoneSimulator
		{5800C078-2B6B-4795-B2FE-86566B510D2E}.AppStore|x64.ActiveCfg = AppStore|iPhone
		{5800C078-2B6B-4795-B2FE-86566B510D2E}.AppStore|x86.ActiveCfg = AppStore|iPhone
		{5800C078-2B6B-4795-B2FE-86566B510D2E}.Debug|Any CPU.ActiveCfg = Debug|iPhone
		{5800C078-2B6B-4795-B2FE-86566B510D2E}.Debug|ARM.ActiveCfg = Debug|iPhone
		{5800C078-2B6B-4795-B2FE-86566B510D2E}.Debug|iPhone.ActiveCfg = Debug|iPhone
		{5800C078-2B6B-4795-B2FE-86566B510D2E}.Debug|iPhone.Build.0 = Debug|iPhone
		{5800C078-2B6B-4795-B2FE-86566B510D2E}.Debug|iPhoneSimulator.ActiveCfg = Debug|iPhoneSimulator
		{5800C078-2B6B-4795-B2FE-86566B510D2E}.Debug|iPhoneSimulator.Build.0 = Debug|iPhoneSimulator
		{5800C078-2B6B-4795-B2FE-86566B510D2E}.Debug|x64.ActiveCfg = Debug|iPhone
		{5800C078-2B6B-4795-B2FE-86566B510D2E}.Debug|x86.ActiveCfg = Debug|iPhone
		{5800C078-2B6B-4795-B2FE-86566B510D2E}.Release|Any CPU.ActiveCfg = Release|iPhone
		{5800C078-2B6B-4795-B2FE-86566B510D2E}.Release|ARM.ActiveCfg = Release|iPhone
		{5800C078-2B6B-4795-B2FE-86566B510D2E}.Release|iPhone.ActiveCfg = Release|iPhone
		{5800C078-2B6B-4795-B2FE-86566B510D2E}.Release|iPhone.Build.0 = Release|iPhone
		{5800C078-2B6B-4795-B2FE-86566B510D2E}.Release|iPhoneSimulator.ActiveCfg = Release|iPhoneSimulator
		{5800C078-2B6B-4795-B2FE-86566B510D2E}.Release|iPhoneSimulator.Build.0 = Release|iPhoneSimulator
		{5800C078-2B6B-4795-B2FE-86566B510D2E}.Release|x64.ActiveCfg = Release|iPhone
		{5800C078-2B6B-4795-B2FE-86566B510D2E}.Release|x86.ActiveCfg = Release|iPhone
		{1CD0536E-1701-48BC-AA06-CB41A6326A14}.Ad-Hoc|Any CPU.ActiveCfg = Release|Any CPU
		{1CD0536E-1701-48BC-AA06-CB41A6326A14}.Ad-Hoc|Any CPU.Build.0 = Release|Any CPU
		{1CD0536E-1701-48BC-AA06-CB41A6326A14}.Ad-Hoc|Any CPU.Deploy.0 = Release|Any CPU
		{1CD0536E-1701-48BC-AA06-CB41A6326A14}.Ad-Hoc|ARM.ActiveCfg = Release|ARM
		{1CD0536E-1701-48BC-AA06-CB41A6326A14}.Ad-Hoc|ARM.Build.0 = Release|ARM
		{1CD0536E-1701-48BC-AA06-CB41A6326A14}.Ad-Hoc|ARM.Deploy.0 = Release|ARM
		{1CD0536E-1701-48BC-AA06-CB41A6326A14}.Ad-Hoc|iPhone.ActiveCfg = Release|Any CPU
		{1CD0536E-1701-48BC-AA06-CB41A6326A14}.Ad-Hoc|iPhone.Build.0 = Release|Any CPU
		{1CD0536E-1701-48BC-AA06-CB41A6326A14}.Ad-Hoc|iPhone.Deploy.0 = Release|Any CPU
		{1CD0536E-1701-48BC-AA06-CB41A6326A14}.Ad-Hoc|iPhoneSimulator.ActiveCfg = Release|Any CPU
		{1CD0536E-1701-48BC-AA06-CB41A6326A14}.Ad-Hoc|iPhoneSimulator.Build.0 = Release|Any CPU
		{1CD0536E-1701-48BC-AA06-CB41A6326A14}.Ad-Hoc|iPhoneSimulator.Deploy.0 = Release|Any CPU
		{1CD0536E-1701-48BC-AA06-CB41A6326A14}.Ad-Hoc|x64.ActiveCfg = Release|Any CPU
		{1CD0536E-1701-48BC-AA06-CB41A6326A14}.Ad-Hoc|x64.Build.0 = Release|Any CPU
		{1CD0536E-1701-48BC-AA06-CB41A6326A14}.Ad-Hoc|x64.Deploy.0 = Release|Any CPU
		{1CD0536E-1701-48BC-AA06-CB41A6326A14}.Ad-Hoc|x86.ActiveCfg = Release|x86
		{1CD0536E-1701-48BC-AA06-CB41A6326A14}.Ad-Hoc|x86.Build.0 = Release|x86
		{1CD0536E-1701-48BC-AA06-CB41A6326A14}.Ad-Hoc|x86.Deploy.0 = Release|x86
		{1CD0536E-1701-48BC-AA06-CB41A6326A14}.AppStore|Any CPU.ActiveCfg = Release|Any CPU
		{1CD0536E-1701-48BC-AA06-CB41A6326A14}.AppStore|Any CPU.Build.0 = Release|Any CPU
		{1CD0536E-1701-48BC-AA06-CB41A6326A14}.AppStore|Any CPU.Deploy.0 = Release|Any CPU
		{1CD0536E-1701-48BC-AA06-CB41A6326A14}.AppStore|ARM.ActiveCfg = Release|ARM
		{1CD0536E-1701-48BC-AA06-CB41A6326A14}.AppStore|ARM.Build.0 = Release|ARM
		{1CD0536E-1701-48BC-AA06-CB41A6326A14}.AppStore|ARM.Deploy.0 = Release|ARM
		{1CD0536E-1701-48BC-AA06-CB41A6326A14}.AppStore|iPhone.ActiveCfg = Release|Any CPU
		{1CD0536E-1701-48BC-AA06-CB41A6326A14}.AppStore|iPhone.Build.0 = Release|Any CPU
		{1CD0536E-1701-48BC-AA06-CB41A6326A14}.AppStore|iPhone.Deploy.0 = Release|Any CPU
		{1CD0536E-1701-48BC-AA06-CB41A6326A14}.AppStore|iPhoneSimulator.ActiveCfg = Release|Any CPU
		{1CD0536E-1701-48BC-AA06-CB41A6326A14}.AppStore|iPhoneSimulator.Build.0 = Release|Any CPU
		{1CD0536E-1701-48BC-AA06-CB41A6326A14}.AppStore|iPhoneSimulator.Deploy.0 = Release|Any CPU
		{1CD0536E-1701-48BC-AA06-CB41A6326A14}.AppStore|x64.ActiveCfg = Release|Any CPU
		{1CD0536E-1701-48BC-AA06-CB41A6326A14}.AppStore|x64.Build.0 = Release|Any CPU
		{1CD0536E-1701-48BC-AA06-CB41A6326A14}.AppStore|x64.Deploy.0 = Release|Any CPU
		{1CD0536E-1701-48BC-AA06-CB41A6326A14}.AppStore|x86.ActiveCfg = Release|x86
		{1CD0536E-1701-48BC-AA06-CB41A6326A14}.AppStore|x86.Build.0 = Release|x86
		{1CD0536E-1701-48BC-AA06-CB41A6326A14}.AppStore|x86.Deploy.0 = Release|x86
		{1CD0536E-1701-48BC-AA06-CB41A6326A14}.Debug|Any CPU.ActiveCfg = Debug|Any CPU
		{1CD0536E-1701-48BC-AA06-CB41A6326A14}.Debug|Any CPU.Build.0 = Debug|Any CPU
		{1CD0536E-1701-48BC-AA06-CB41A6326A14}.Debug|Any CPU.Deploy.0 = Debug|Any CPU
		{1CD0536E-1701-48BC-AA06-CB41A6326A14}.Debug|ARM.ActiveCfg = Debug|ARM
		{1CD0536E-1701-48BC-AA06-CB41A6326A14}.Debug|ARM.Build.0 = Debug|ARM
		{1CD0536E-1701-48BC-AA06-CB41A6326A14}.Debug|ARM.Deploy.0 = Debug|ARM
		{1CD0536E-1701-48BC-AA06-CB41A6326A14}.Debug|iPhone.ActiveCfg = Debug|Any CPU
		{1CD0536E-1701-48BC-AA06-CB41A6326A14}.Debug|iPhone.Build.0 = Debug|Any CPU
		{1CD0536E-1701-48BC-AA06-CB41A6326A14}.Debug|iPhone.Deploy.0 = Debug|Any CPU
		{1CD0536E-1701-48BC-AA06-CB41A6326A14}.Debug|iPhoneSimulator.ActiveCfg = Debug|Any CPU
		{1CD0536E-1701-48BC-AA06-CB41A6326A14}.Debug|iPhoneSimulator.Build.0 = Debug|Any CPU
		{1CD0536E-1701-48BC-AA06-CB41A6326A14}.Debug|iPhoneSimulator.Deploy.0 = Debug|Any CPU
		{1CD0536E-1701-48BC-AA06-CB41A6326A14}.Debug|x64.ActiveCfg = Debug|Any CPU
		{1CD0536E-1701-48BC-AA06-CB41A6326A14}.Debug|x64.Build.0 = Debug|Any CPU
		{1CD0536E-1701-48BC-AA06-CB41A6326A14}.Debug|x64.Deploy.0 = Debug|Any CPU
		{1CD0536E-1701-48BC-AA06-CB41A6326A14}.Debug|x86.ActiveCfg = Debug|x86
		{1CD0536E-1701-48BC-AA06-CB41A6326A14}.Debug|x86.Build.0 = Debug|x86
		{1CD0536E-1701-48BC-AA06-CB41A6326A14}.Debug|x86.Deploy.0 = Debug|x86
		{1CD0536E-1701-48BC-AA06-CB41A6326A14}.Release|Any CPU.ActiveCfg = Release|Any CPU
		{1CD0536E-1701-48BC-AA06-CB41A6326A14}.Release|Any CPU.Build.0 = Release|Any CPU
		{1CD0536E-1701-48BC-AA06-CB41A6326A14}.Release|Any CPU.Deploy.0 = Release|Any CPU
		{1CD0536E-1701-48BC-AA06-CB41A6326A14}.Release|ARM.ActiveCfg = Release|ARM
		{1CD0536E-1701-48BC-AA06-CB41A6326A14}.Release|ARM.Build.0 = Release|ARM
		{1CD0536E-1701-48BC-AA06-CB41A6326A14}.Release|ARM.Deploy.0 = Release|ARM
		{1CD0536E-1701-48BC-AA06-CB41A6326A14}.Release|iPhone.ActiveCfg = Release|Any CPU
		{1CD0536E-1701-48BC-AA06-CB41A6326A14}.Release|iPhone.Build.0 = Release|Any CPU
		{1CD0536E-1701-48BC-AA06-CB41A6326A14}.Release|iPhone.Deploy.0 = Release|Any CPU
		{1CD0536E-1701-48BC-AA06-CB41A6326A14}.Release|iPhoneSimulator.ActiveCfg = Release|Any CPU
		{1CD0536E-1701-48BC-AA06-CB41A6326A14}.Release|iPhoneSimulator.Build.0 = Release|Any CPU
		{1CD0536E-1701-48BC-AA06-CB41A6326A14}.Release|iPhoneSimulator.Deploy.0 = Release|Any CPU
		{1CD0536E-1701-48BC-AA06-CB41A6326A14}.Release|x64.ActiveCfg = Release|Any CPU
		{1CD0536E-1701-48BC-AA06-CB41A6326A14}.Release|x64.Build.0 = Release|Any CPU
		{1CD0536E-1701-48BC-AA06-CB41A6326A14}.Release|x64.Deploy.0 = Release|Any CPU
		{1CD0536E-1701-48BC-AA06-CB41A6326A14}.Release|x86.ActiveCfg = Release|x86
		{1CD0536E-1701-48BC-AA06-CB41A6326A14}.Release|x86.Build.0 = Release|x86
		{1CD0536E-1701-48BC-AA06-CB41A6326A14}.Release|x86.Deploy.0 = Release|x86
		{DF4491E1-B6C6-4517-B1DF-A77F710B4B78}.Ad-Hoc|Any CPU.ActiveCfg = Release|x86
		{DF4491E1-B6C6-4517-B1DF-A77F710B4B78}.Ad-Hoc|Any CPU.Build.0 = Release|x86
		{DF4491E1-B6C6-4517-B1DF-A77F710B4B78}.Ad-Hoc|Any CPU.Deploy.0 = Release|x86
		{DF4491E1-B6C6-4517-B1DF-A77F710B4B78}.Ad-Hoc|ARM.ActiveCfg = Release|ARM
		{DF4491E1-B6C6-4517-B1DF-A77F710B4B78}.Ad-Hoc|ARM.Build.0 = Release|ARM
		{DF4491E1-B6C6-4517-B1DF-A77F710B4B78}.Ad-Hoc|ARM.Deploy.0 = Release|ARM
		{DF4491E1-B6C6-4517-B1DF-A77F710B4B78}.Ad-Hoc|iPhone.ActiveCfg = Release|x86
		{DF4491E1-B6C6-4517-B1DF-A77F710B4B78}.Ad-Hoc|iPhone.Build.0 = Release|x86
		{DF4491E1-B6C6-4517-B1DF-A77F710B4B78}.Ad-Hoc|iPhone.Deploy.0 = Release|x86
		{DF4491E1-B6C6-4517-B1DF-A77F710B4B78}.Ad-Hoc|iPhoneSimulator.ActiveCfg = Release|x86
		{DF4491E1-B6C6-4517-B1DF-A77F710B4B78}.Ad-Hoc|iPhoneSimulator.Build.0 = Release|x86
		{DF4491E1-B6C6-4517-B1DF-A77F710B4B78}.Ad-Hoc|iPhoneSimulator.Deploy.0 = Release|x86
		{DF4491E1-B6C6-4517-B1DF-A77F710B4B78}.Ad-Hoc|x64.ActiveCfg = Release|x64
		{DF4491E1-B6C6-4517-B1DF-A77F710B4B78}.Ad-Hoc|x64.Build.0 = Release|x64
		{DF4491E1-B6C6-4517-B1DF-A77F710B4B78}.Ad-Hoc|x64.Deploy.0 = Release|x64
		{DF4491E1-B6C6-4517-B1DF-A77F710B4B78}.Ad-Hoc|x86.ActiveCfg = Release|x86
		{DF4491E1-B6C6-4517-B1DF-A77F710B4B78}.Ad-Hoc|x86.Build.0 = Release|x86
		{DF4491E1-B6C6-4517-B1DF-A77F710B4B78}.Ad-Hoc|x86.Deploy.0 = Release|x86
		{DF4491E1-B6C6-4517-B1DF-A77F710B4B78}.AppStore|Any CPU.ActiveCfg = Release|x86
		{DF4491E1-B6C6-4517-B1DF-A77F710B4B78}.AppStore|Any CPU.Build.0 = Release|x86
		{DF4491E1-B6C6-4517-B1DF-A77F710B4B78}.AppStore|Any CPU.Deploy.0 = Release|x86
		{DF4491E1-B6C6-4517-B1DF-A77F710B4B78}.AppStore|ARM.ActiveCfg = Release|ARM
		{DF4491E1-B6C6-4517-B1DF-A77F710B4B78}.AppStore|ARM.Build.0 = Release|ARM
		{DF4491E1-B6C6-4517-B1DF-A77F710B4B78}.AppStore|ARM.Deploy.0 = Release|ARM
		{DF4491E1-B6C6-4517-B1DF-A77F710B4B78}.AppStore|iPhone.ActiveCfg = Release|x86
		{DF4491E1-B6C6-4517-B1DF-A77F710B4B78}.AppStore|iPhone.Build.0 = Release|x86
		{DF4491E1-B6C6-4517-B1DF-A77F710B4B78}.AppStore|iPhone.Deploy.0 = Release|x86
		{DF4491E1-B6C6-4517-B1DF-A77F710B4B78}.AppStore|iPhoneSimulator.ActiveCfg = Release|x86
		{DF4491E1-B6C6-4517-B1DF-A77F710B4B78}.AppStore|iPhoneSimulator.Build.0 = Release|x86
		{DF4491E1-B6C6-4517-B1DF-A77F710B4B78}.AppStore|iPhoneSimulator.Deploy.0 = Release|x86
		{DF4491E1-B6C6-4517-B1DF-A77F710B4B78}.AppStore|x64.ActiveCfg = Release|x64
		{DF4491E1-B6C6-4517-B1DF-A77F710B4B78}.AppStore|x64.Build.0 = Release|x64
		{DF4491E1-B6C6-4517-B1DF-A77F710B4B78}.AppStore|x64.Deploy.0 = Release|x64
		{DF4491E1-B6C6-4517-B1DF-A77F710B4B78}.AppStore|x86.ActiveCfg = Release|x86
		{DF4491E1-B6C6-4517-B1DF-A77F710B4B78}.AppStore|x86.Build.0 = Release|x86
		{DF4491E1-B6C6-4517-B1DF-A77F710B4B78}.AppStore|x86.Deploy.0 = Release|x86
		{DF4491E1-B6C6-4517-B1DF-A77F710B4B78}.Debug|Any CPU.ActiveCfg = Debug|x86
		{DF4491E1-B6C6-4517-B1DF-A77F710B4B78}.Debug|ARM.ActiveCfg = Debug|ARM
		{DF4491E1-B6C6-4517-B1DF-A77F710B4B78}.Debug|ARM.Build.0 = Debug|ARM
		{DF4491E1-B6C6-4517-B1DF-A77F710B4B78}.Debug|ARM.Deploy.0 = Debug|ARM
		{DF4491E1-B6C6-4517-B1DF-A77F710B4B78}.Debug|iPhone.ActiveCfg = Debug|x86
		{DF4491E1-B6C6-4517-B1DF-A77F710B4B78}.Debug|iPhoneSimulator.ActiveCfg = Debug|x86
		{DF4491E1-B6C6-4517-B1DF-A77F710B4B78}.Debug|x64.ActiveCfg = Debug|x64
		{DF4491E1-B6C6-4517-B1DF-A77F710B4B78}.Debug|x64.Build.0 = Debug|x64
		{DF4491E1-B6C6-4517-B1DF-A77F710B4B78}.Debug|x64.Deploy.0 = Debug|x64
		{DF4491E1-B6C6-4517-B1DF-A77F710B4B78}.Debug|x86.ActiveCfg = Debug|x86
		{DF4491E1-B6C6-4517-B1DF-A77F710B4B78}.Debug|x86.Build.0 = Debug|x86
		{DF4491E1-B6C6-4517-B1DF-A77F710B4B78}.Debug|x86.Deploy.0 = Debug|x86
		{DF4491E1-B6C6-4517-B1DF-A77F710B4B78}.Release|Any CPU.ActiveCfg = Release|x86
		{DF4491E1-B6C6-4517-B1DF-A77F710B4B78}.Release|ARM.ActiveCfg = Release|ARM
		{DF4491E1-B6C6-4517-B1DF-A77F710B4B78}.Release|ARM.Build.0 = Release|ARM
		{DF4491E1-B6C6-4517-B1DF-A77F710B4B78}.Release|ARM.Deploy.0 = Release|ARM
		{DF4491E1-B6C6-4517-B1DF-A77F710B4B78}.Release|iPhone.ActiveCfg = Release|x86
		{DF4491E1-B6C6-4517-B1DF-A77F710B4B78}.Release|iPhoneSimulator.ActiveCfg = Release|x86
		{DF4491E1-B6C6-4517-B1DF-A77F710B4B78}.Release|x64.ActiveCfg = Release|x64
		{DF4491E1-B6C6-4517-B1DF-A77F710B4B78}.Release|x64.Build.0 = Release|x64
		{DF4491E1-B6C6-4517-B1DF-A77F710B4B78}.Release|x64.Deploy.0 = Release|x64
		{DF4491E1-B6C6-4517-B1DF-A77F710B4B78}.Release|x86.ActiveCfg = Release|x86
		{DF4491E1-B6C6-4517-B1DF-A77F710B4B78}.Release|x86.Build.0 = Release|x86
		{DF4491E1-B6C6-4517-B1DF-A77F710B4B78}.Release|x86.Deploy.0 = Release|x86
		{19159D39-FF0B-45AB-B427-CD1E68C2DD16}.Ad-Hoc|Any CPU.ActiveCfg = Release|Any CPU
		{19159D39-FF0B-45AB-B427-CD1E68C2DD16}.Ad-Hoc|Any CPU.Build.0 = Release|Any CPU
		{19159D39-FF0B-45AB-B427-CD1E68C2DD16}.Ad-Hoc|Any CPU.Deploy.0 = Release|Any CPU
		{19159D39-FF0B-45AB-B427-CD1E68C2DD16}.Ad-Hoc|ARM.ActiveCfg = Release|ARM
		{19159D39-FF0B-45AB-B427-CD1E68C2DD16}.Ad-Hoc|ARM.Build.0 = Release|ARM
		{19159D39-FF0B-45AB-B427-CD1E68C2DD16}.Ad-Hoc|ARM.Deploy.0 = Release|ARM
		{19159D39-FF0B-45AB-B427-CD1E68C2DD16}.Ad-Hoc|iPhone.ActiveCfg = Release|Any CPU
		{19159D39-FF0B-45AB-B427-CD1E68C2DD16}.Ad-Hoc|iPhone.Build.0 = Release|Any CPU
		{19159D39-FF0B-45AB-B427-CD1E68C2DD16}.Ad-Hoc|iPhone.Deploy.0 = Release|Any CPU
		{19159D39-FF0B-45AB-B427-CD1E68C2DD16}.Ad-Hoc|iPhoneSimulator.ActiveCfg = Release|Any CPU
		{19159D39-FF0B-45AB-B427-CD1E68C2DD16}.Ad-Hoc|iPhoneSimulator.Build.0 = Release|Any CPU
		{19159D39-FF0B-45AB-B427-CD1E68C2DD16}.Ad-Hoc|iPhoneSimulator.Deploy.0 = Release|Any CPU
		{19159D39-FF0B-45AB-B427-CD1E68C2DD16}.Ad-Hoc|x64.ActiveCfg = Release|x64
		{19159D39-FF0B-45AB-B427-CD1E68C2DD16}.Ad-Hoc|x64.Build.0 = Release|x64
		{19159D39-FF0B-45AB-B427-CD1E68C2DD16}.Ad-Hoc|x64.Deploy.0 = Release|x64
		{19159D39-FF0B-45AB-B427-CD1E68C2DD16}.Ad-Hoc|x86.ActiveCfg = Release|x86
		{19159D39-FF0B-45AB-B427-CD1E68C2DD16}.Ad-Hoc|x86.Build.0 = Release|x86
		{19159D39-FF0B-45AB-B427-CD1E68C2DD16}.Ad-Hoc|x86.Deploy.0 = Release|x86
		{19159D39-FF0B-45AB-B427-CD1E68C2DD16}.AppStore|Any CPU.ActiveCfg = Release|Any CPU
		{19159D39-FF0B-45AB-B427-CD1E68C2DD16}.AppStore|Any CPU.Build.0 = Release|Any CPU
		{19159D39-FF0B-45AB-B427-CD1E68C2DD16}.AppStore|Any CPU.Deploy.0 = Release|Any CPU
		{19159D39-FF0B-45AB-B427-CD1E68C2DD16}.AppStore|ARM.ActiveCfg = Release|ARM
		{19159D39-FF0B-45AB-B427-CD1E68C2DD16}.AppStore|ARM.Build.0 = Release|ARM
		{19159D39-FF0B-45AB-B427-CD1E68C2DD16}.AppStore|ARM.Deploy.0 = Release|ARM
		{19159D39-FF0B-45AB-B427-CD1E68C2DD16}.AppStore|iPhone.ActiveCfg = Release|Any CPU
		{19159D39-FF0B-45AB-B427-CD1E68C2DD16}.AppStore|iPhone.Build.0 = Release|Any CPU
		{19159D39-FF0B-45AB-B427-CD1E68C2DD16}.AppStore|iPhone.Deploy.0 = Release|Any CPU
		{19159D39-FF0B-45AB-B427-CD1E68C2DD16}.AppStore|iPhoneSimulator.ActiveCfg = Release|Any CPU
		{19159D39-FF0B-45AB-B427-CD1E68C2DD16}.AppStore|iPhoneSimulator.Build.0 = Release|Any CPU
		{19159D39-FF0B-45AB-B427-CD1E68C2DD16}.AppStore|iPhoneSimulator.Deploy.0 = Release|Any CPU
		{19159D39-FF0B-45AB-B427-CD1E68C2DD16}.AppStore|x64.ActiveCfg = Release|x64
		{19159D39-FF0B-45AB-B427-CD1E68C2DD16}.AppStore|x64.Build.0 = Release|x64
		{19159D39-FF0B-45AB-B427-CD1E68C2DD16}.AppStore|x64.Deploy.0 = Release|x64
		{19159D39-FF0B-45AB-B427-CD1E68C2DD16}.AppStore|x86.ActiveCfg = Release|x86
		{19159D39-FF0B-45AB-B427-CD1E68C2DD16}.AppStore|x86.Build.0 = Release|x86
		{19159D39-FF0B-45AB-B427-CD1E68C2DD16}.AppStore|x86.Deploy.0 = Release|x86
		{19159D39-FF0B-45AB-B427-CD1E68C2DD16}.Debug|Any CPU.ActiveCfg = Debug|Any CPU
		{19159D39-FF0B-45AB-B427-CD1E68C2DD16}.Debug|Any CPU.Build.0 = Debug|Any CPU
		{19159D39-FF0B-45AB-B427-CD1E68C2DD16}.Debug|Any CPU.Deploy.0 = Debug|Any CPU
		{19159D39-FF0B-45AB-B427-CD1E68C2DD16}.Debug|ARM.ActiveCfg = Debug|ARM
		{19159D39-FF0B-45AB-B427-CD1E68C2DD16}.Debug|ARM.Build.0 = Debug|ARM
		{19159D39-FF0B-45AB-B427-CD1E68C2DD16}.Debug|ARM.Deploy.0 = Debug|ARM
		{19159D39-FF0B-45AB-B427-CD1E68C2DD16}.Debug|iPhone.ActiveCfg = Debug|Any CPU
		{19159D39-FF0B-45AB-B427-CD1E68C2DD16}.Debug|iPhone.Build.0 = Debug|Any CPU
		{19159D39-FF0B-45AB-B427-CD1E68C2DD16}.Debug|iPhone.Deploy.0 = Debug|Any CPU
		{19159D39-FF0B-45AB-B427-CD1E68C2DD16}.Debug|iPhoneSimulator.ActiveCfg = Debug|Any CPU
		{19159D39-FF0B-45AB-B427-CD1E68C2DD16}.Debug|iPhoneSimulator.Build.0 = Debug|Any CPU
		{19159D39-FF0B-45AB-B427-CD1E68C2DD16}.Debug|iPhoneSimulator.Deploy.0 = Debug|Any CPU
		{19159D39-FF0B-45AB-B427-CD1E68C2DD16}.Debug|x64.ActiveCfg = Debug|x64
		{19159D39-FF0B-45AB-B427-CD1E68C2DD16}.Debug|x64.Build.0 = Debug|x64
		{19159D39-FF0B-45AB-B427-CD1E68C2DD16}.Debug|x64.Deploy.0 = Debug|x64
		{19159D39-FF0B-45AB-B427-CD1E68C2DD16}.Debug|x86.ActiveCfg = Debug|x86
		{19159D39-FF0B-45AB-B427-CD1E68C2DD16}.Debug|x86.Build.0 = Debug|x86
		{19159D39-FF0B-45AB-B427-CD1E68C2DD16}.Debug|x86.Deploy.0 = Debug|x86
		{19159D39-FF0B-45AB-B427-CD1E68C2DD16}.Release|Any CPU.ActiveCfg = Release|Any CPU
		{19159D39-FF0B-45AB-B427-CD1E68C2DD16}.Release|Any CPU.Build.0 = Release|Any CPU
		{19159D39-FF0B-45AB-B427-CD1E68C2DD16}.Release|Any CPU.Deploy.0 = Release|Any CPU
		{19159D39-FF0B-45AB-B427-CD1E68C2DD16}.Release|ARM.ActiveCfg = Release|ARM
		{19159D39-FF0B-45AB-B427-CD1E68C2DD16}.Release|ARM.Build.0 = Release|ARM
		{19159D39-FF0B-45AB-B427-CD1E68C2DD16}.Release|ARM.Deploy.0 = Release|ARM
		{19159D39-FF0B-45AB-B427-CD1E68C2DD16}.Release|iPhone.ActiveCfg = Release|Any CPU
		{19159D39-FF0B-45AB-B427-CD1E68C2DD16}.Release|iPhone.Build.0 = Release|Any CPU
		{19159D39-FF0B-45AB-B427-CD1E68C2DD16}.Release|iPhone.Deploy.0 = Release|Any CPU
		{19159D39-FF0B-45AB-B427-CD1E68C2DD16}.Release|iPhoneSimulator.ActiveCfg = Release|Any CPU
		{19159D39-FF0B-45AB-B427-CD1E68C2DD16}.Release|iPhoneSimulator.Build.0 = Release|Any CPU
		{19159D39-FF0B-45AB-B427-CD1E68C2DD16}.Release|iPhoneSimulator.Deploy.0 = Release|Any CPU
		{19159D39-FF0B-45AB-B427-CD1E68C2DD16}.Release|x64.ActiveCfg = Release|x64
		{19159D39-FF0B-45AB-B427-CD1E68C2DD16}.Release|x64.Build.0 = Release|x64
		{19159D39-FF0B-45AB-B427-CD1E68C2DD16}.Release|x64.Deploy.0 = Release|x64
		{19159D39-FF0B-45AB-B427-CD1E68C2DD16}.Release|x86.ActiveCfg = Release|x86
		{19159D39-FF0B-45AB-B427-CD1E68C2DD16}.Release|x86.Build.0 = Release|x86
		{19159D39-FF0B-45AB-B427-CD1E68C2DD16}.Release|x86.Deploy.0 = Release|x86
		{9E6D827C-9FEC-4481-8428-DDEED6D24AB5}.Ad-Hoc|Any CPU.ActiveCfg = Release|Any CPU
		{9E6D827C-9FEC-4481-8428-DDEED6D24AB5}.Ad-Hoc|Any CPU.Build.0 = Release|Any CPU
		{9E6D827C-9FEC-4481-8428-DDEED6D24AB5}.Ad-Hoc|ARM.ActiveCfg = Release|Any CPU
		{9E6D827C-9FEC-4481-8428-DDEED6D24AB5}.Ad-Hoc|ARM.Build.0 = Release|Any CPU
		{9E6D827C-9FEC-4481-8428-DDEED6D24AB5}.Ad-Hoc|iPhone.ActiveCfg = Release|Any CPU
		{9E6D827C-9FEC-4481-8428-DDEED6D24AB5}.Ad-Hoc|iPhone.Build.0 = Release|Any CPU
		{9E6D827C-9FEC-4481-8428-DDEED6D24AB5}.Ad-Hoc|iPhoneSimulator.ActiveCfg = Release|Any CPU
		{9E6D827C-9FEC-4481-8428-DDEED6D24AB5}.Ad-Hoc|iPhoneSimulator.Build.0 = Release|Any CPU
		{9E6D827C-9FEC-4481-8428-DDEED6D24AB5}.Ad-Hoc|x64.ActiveCfg = Release|Any CPU
		{9E6D827C-9FEC-4481-8428-DDEED6D24AB5}.Ad-Hoc|x64.Build.0 = Release|Any CPU
		{9E6D827C-9FEC-4481-8428-DDEED6D24AB5}.Ad-Hoc|x86.ActiveCfg = Release|Any CPU
		{9E6D827C-9FEC-4481-8428-DDEED6D24AB5}.Ad-Hoc|x86.Build.0 = Release|Any CPU
		{9E6D827C-9FEC-4481-8428-DDEED6D24AB5}.AppStore|Any CPU.ActiveCfg = Release|Any CPU
		{9E6D827C-9FEC-4481-8428-DDEED6D24AB5}.AppStore|Any CPU.Build.0 = Release|Any CPU
		{9E6D827C-9FEC-4481-8428-DDEED6D24AB5}.AppStore|ARM.ActiveCfg = Release|Any CPU
		{9E6D827C-9FEC-4481-8428-DDEED6D24AB5}.AppStore|ARM.Build.0 = Release|Any CPU
		{9E6D827C-9FEC-4481-8428-DDEED6D24AB5}.AppStore|iPhone.ActiveCfg = Release|Any CPU
		{9E6D827C-9FEC-4481-8428-DDEED6D24AB5}.AppStore|iPhone.Build.0 = Release|Any CPU
		{9E6D827C-9FEC-4481-8428-DDEED6D24AB5}.AppStore|iPhoneSimulator.ActiveCfg = Release|Any CPU
		{9E6D827C-9FEC-4481-8428-DDEED6D24AB5}.AppStore|iPhoneSimulator.Build.0 = Release|Any CPU
		{9E6D827C-9FEC-4481-8428-DDEED6D24AB5}.AppStore|x64.ActiveCfg = Release|Any CPU
		{9E6D827C-9FEC-4481-8428-DDEED6D24AB5}.AppStore|x64.Build.0 = Release|Any CPU
		{9E6D827C-9FEC-4481-8428-DDEED6D24AB5}.AppStore|x86.ActiveCfg = Release|Any CPU
		{9E6D827C-9FEC-4481-8428-DDEED6D24AB5}.AppStore|x86.Build.0 = Release|Any CPU
		{9E6D827C-9FEC-4481-8428-DDEED6D24AB5}.Debug|Any CPU.ActiveCfg = Debug|Any CPU
		{9E6D827C-9FEC-4481-8428-DDEED6D24AB5}.Debug|Any CPU.Build.0 = Debug|Any CPU
		{9E6D827C-9FEC-4481-8428-DDEED6D24AB5}.Debug|ARM.ActiveCfg = Debug|Any CPU
		{9E6D827C-9FEC-4481-8428-DDEED6D24AB5}.Debug|ARM.Build.0 = Debug|Any CPU
		{9E6D827C-9FEC-4481-8428-DDEED6D24AB5}.Debug|iPhone.ActiveCfg = Debug|Any CPU
		{9E6D827C-9FEC-4481-8428-DDEED6D24AB5}.Debug|iPhone.Build.0 = Debug|Any CPU
		{9E6D827C-9FEC-4481-8428-DDEED6D24AB5}.Debug|iPhoneSimulator.ActiveCfg = Debug|Any CPU
		{9E6D827C-9FEC-4481-8428-DDEED6D24AB5}.Debug|iPhoneSimulator.Build.0 = Debug|Any CPU
		{9E6D827C-9FEC-4481-8428-DDEED6D24AB5}.Debug|x64.ActiveCfg = Debug|Any CPU
		{9E6D827C-9FEC-4481-8428-DDEED6D24AB5}.Debug|x64.Build.0 = Debug|Any CPU
		{9E6D827C-9FEC-4481-8428-DDEED6D24AB5}.Debug|x86.ActiveCfg = Debug|Any CPU
		{9E6D827C-9FEC-4481-8428-DDEED6D24AB5}.Debug|x86.Build.0 = Debug|Any CPU
		{9E6D827C-9FEC-4481-8428-DDEED6D24AB5}.Release|Any CPU.ActiveCfg = Release|Any CPU
		{9E6D827C-9FEC-4481-8428-DDEED6D24AB5}.Release|Any CPU.Build.0 = Release|Any CPU
		{9E6D827C-9FEC-4481-8428-DDEED6D24AB5}.Release|ARM.ActiveCfg = Release|Any CPU
		{9E6D827C-9FEC-4481-8428-DDEED6D24AB5}.Release|ARM.Build.0 = Release|Any CPU
		{9E6D827C-9FEC-4481-8428-DDEED6D24AB5}.Release|iPhone.ActiveCfg = Release|Any CPU
		{9E6D827C-9FEC-4481-8428-DDEED6D24AB5}.Release|iPhone.Build.0 = Release|Any CPU
		{9E6D827C-9FEC-4481-8428-DDEED6D24AB5}.Release|iPhoneSimulator.ActiveCfg = Release|Any CPU
		{9E6D827C-9FEC-4481-8428-DDEED6D24AB5}.Release|iPhoneSimulator.Build.0 = Release|Any CPU
		{9E6D827C-9FEC-4481-8428-DDEED6D24AB5}.Release|x64.ActiveCfg = Release|Any CPU
		{9E6D827C-9FEC-4481-8428-DDEED6D24AB5}.Release|x64.Build.0 = Release|Any CPU
		{9E6D827C-9FEC-4481-8428-DDEED6D24AB5}.Release|x86.ActiveCfg = Release|Any CPU
		{9E6D827C-9FEC-4481-8428-DDEED6D24AB5}.Release|x86.Build.0 = Release|Any CPU
	EndGlobalSection
	GlobalSection(SolutionProperties) = preSolution
		HideSolutionNode = FALSE
	EndGlobalSection
EndGlobal
